
Microsoft Visual Studio Solution File, Format Version 12.00
# Visual Studio 15
VisualStudioVersion = 15.0.28010.2016
MinimumVisualStudioVersion = 10.0.40219.1
Project("{888888A0-9F3D-457C-B088-3A5042F75D52}") = "MetaphoneGenerator", "PythonApplication24042020_2\MetaphoneGenerator.pyproj", "{7711FA7C-5CAF-4315-9315-9FBE75BE8EAC}"
EndProject
Global
	GlobalSection(SolutionConfigurationPlatforms) = preSolution
		Debug|Any CPU = Debug|Any CPU
		Release|Any CPU = Release|Any CPU
	EndGlobalSection
	GlobalSection(ProjectConfigurationPlatforms) = postSolution
		{7711FA7C-5CAF-4315-9315-9FBE75BE8EAC}.Debug|Any CPU.ActiveCfg = Debug|Any CPU
		{7711FA7C-5CAF-4315-9315-9FBE75BE8EAC}.Debug|Any CPU.Build.0 = Debug|Any CPU
		{7711FA7C-5CAF-4315-9315-9FBE75BE8EAC}.Release|Any CPU.ActiveCfg = Release|Any CPU
		{7711FA7C-5CAF-4315-9315-9FBE75BE8EAC}.Release|Any CPU.Build.0 = Release|Any CPU
	EndGlobalSection
	GlobalSection(SolutionProperties) = preSolution
		HideSolutionNode = FALSE
	EndGlobalSection
	GlobalSection(ExtensibilityGlobals) = postSolution
		SolutionGuid = {244901F8-B204-4DD3-9F31-B0F5385BE738}
	EndGlobalSection
EndGlobal
